
Microsoft Visual Studio Solution File, Format Version 12.00
# Visual Studio Version 16
VisualStudioVersion = 16.0.30907.101
MinimumVisualStudioVersion = 10.0.40219.1
Project("{FAE04EC0-301F-11D3-BF4B-00C04F79EFBC}") = "TableTendersAPIService", "TableTendersAPIService\TableTendersAPIService.csproj", "{D26FF589-4394-4453-8B63-085C2249BD43}"
EndProject
Global
	GlobalSection(SolutionConfigurationPlatforms) = preSolution
		Debug|Any CPU = Debug|Any CPU
		Release|Any CPU = Release|Any CPU
	EndGlobalSection
	GlobalSection(ProjectConfigurationPlatforms) = postSolution
		{D26FF589-4394-4453-8B63-085C2249BD43}.Debug|Any CPU.ActiveCfg = Debug|Any CPU
		{D26FF589-4394-4453-8B63-085C2249BD43}.Debug|Any CPU.Build.0 = Debug|Any CPU
		{D26FF589-4394-4453-8B63-085C2249BD43}.Release|Any CPU.ActiveCfg = Release|Any CPU
		{D26FF589-4394-4453-8B63-085C2249BD43}.Release|Any CPU.Build.0 = Release|Any CPU
	EndGlobalSection
	GlobalSection(SolutionProperties) = preSolution
		HideSolutionNode = FALSE
	EndGlobalSection
	GlobalSection(ExtensibilityGlobals) = postSolution
		SolutionGuid = {A4A9C056-8855-4781-960B-79478FA68ADA}
	EndGlobalSection
EndGlobal
